
Microsoft Visual Studio Solution File, Format Version 12.00
# Visual Studio Version 17
VisualStudioVersion = 17.1.32421.90
MinimumVisualStudioVersion = 10.0.40219.1
Project("{9A19103F-16F7-4668-BE54-9A1E7A4F7556}") = "App1AcrylicUI", "App1AcrylicUI\App1AcrylicUI.csproj", "{868F99BA-C942-4171-94BF-8B8822E11E35}"
EndProject
Project("{9A19103F-16F7-4668-BE54-9A1E7A4F7556}") = "App2AcrylicUI", "App2AcrylicUI\App2AcrylicUI.csproj", "{FBB3631F-5287-4382-B0DE-1A74995235FF}"
EndProject
Project("{9A19103F-16F7-4668-BE54-9A1E7A4F7556}") = "App3AcrylicUI", "App3AcrylicUI\App3AcrylicUI.csproj", "{23C0FFE5-AB9A-48B8-B11D-A70E013FE4BC}"
EndProject
Project("{9A19103F-16F7-4668-BE54-9A1E7A4F7556}") = "App4AcrylicUI", "App4AcrylicUI\App4AcrylicUI.csproj", "{4BB95069-9EF4-4578-A5F1-3350A3C2EC44}"
EndProject
Project("{9A19103F-16F7-4668-BE54-9A1E7A4F7556}") = "App5AcrylicUI", "App5AcrylicUI\App5AcrylicUI.csproj", "{A02C0620-4988-44BE-A102-DB07C62460B1}"
EndProject
Global
	GlobalSection(SolutionConfigurationPlatforms) = preSolution
		Debug|Any CPU = Debug|Any CPU
		Release|Any CPU = Release|Any CPU
	EndGlobalSection
	GlobalSection(ProjectConfigurationPlatforms) = postSolution
		{868F99BA-C942-4171-94BF-8B8822E11E35}.Debug|Any CPU.ActiveCfg = Debug|Any CPU
		{868F99BA-C942-4171-94BF-8B8822E11E35}.Debug|Any CPU.Build.0 = Debug|Any CPU
		{868F99BA-C942-4171-94BF-8B8822E11E35}.Release|Any CPU.ActiveCfg = Release|Any CPU
		{868F99BA-C942-4171-94BF-8B8822E11E35}.Release|Any CPU.Build.0 = Release|Any CPU
		{FBB3631F-5287-4382-B0DE-1A74995235FF}.Debug|Any CPU.ActiveCfg = Debug|Any CPU
		{FBB3631F-5287-4382-B0DE-1A74995235FF}.Debug|Any CPU.Build.0 = Debug|Any CPU
		{FBB3631F-5287-4382-B0DE-1A74995235FF}.Release|Any CPU.ActiveCfg = Release|Any CPU
		{FBB3631F-5287-4382-B0DE-1A74995235FF}.Release|Any CPU.Build.0 = Release|Any CPU
		{23C0FFE5-AB9A-48B8-B11D-A70E013FE4BC}.Debug|Any CPU.ActiveCfg = Debug|Any CPU
		{23C0FFE5-AB9A-48B8-B11D-A70E013FE4BC}.Debug|Any CPU.Build.0 = Debug|Any CPU
		{23C0FFE5-AB9A-48B8-B11D-A70E013FE4BC}.Release|Any CPU.ActiveCfg = Release|Any CPU
		{23C0FFE5-AB9A-48B8-B11D-A70E013FE4BC}.Release|Any CPU.Build.0 = Release|Any CPU
		{4BB95069-9EF4-4578-A5F1-3350A3C2EC44}.Debug|Any CPU.ActiveCfg = Debug|Any CPU
		{4BB95069-9EF4-4578-A5F1-3350A3C2EC44}.Debug|Any CPU.Build.0 = Debug|Any CPU
		{4BB95069-9EF4-4578-A5F1-3350A3C2EC44}.Release|Any CPU.ActiveCfg = Release|Any CPU
		{4BB95069-9EF4-4578-A5F1-3350A3C2EC44}.Release|Any CPU.Build.0 = Release|Any CPU
		{A02C0620-4988-44BE-A102-DB07C62460B1}.Debug|Any CPU.ActiveCfg = Debug|Any CPU
		{A02C0620-4988-44BE-A102-DB07C62460B1}.Debug|Any CPU.Build.0 = Debug|Any CPU
		{A02C0620-4988-44BE-A102-DB07C62460B1}.Release|Any CPU.ActiveCfg = Release|Any CPU
		{A02C0620-4988-44BE-A102-DB07C62460B1}.Release|Any CPU.Build.0 = Release|Any CPU
	EndGlobalSection
	GlobalSection(SolutionProperties) = preSolution
		HideSolutionNode = FALSE
	EndGlobalSection
	GlobalSection(ExtensibilityGlobals) = postSolution
		SolutionGuid = {491A5E86-D831-4AB3-ABE7-25881A949927}
	EndGlobalSection
EndGlobal
